
Microsoft Visual Studio Solution File, Format Version 12.00
# Visual Studio Version 17
VisualStudioVersion = 17.13.35825.156 d17.13
MinimumVisualStudioVersion = 10.0.40219.1
Project("{8BC9CEB8-8B4A-11D0-8D11-00A0C91BC942}") = "DigitalWatch", "DigitalWatch\DigitalWatch.vcxproj", "{AF8077C3-A81D-2037-CDC7-ECA566DC3790}"
EndProject
Global
	GlobalSection(SolutionConfigurationPlatforms) = preSolution
		Debug|x64 = Debug|x64
		Debug|x86 = Debug|x86
		Release|x64 = Release|x64
		Release|x86 = Release|x86
	EndGlobalSection
	GlobalSection(ProjectConfigurationPlatforms) = postSolution
		{AF8077C3-A81D-2037-CDC7-ECA566DC3790}.Debug|x64.ActiveCfg = Debug|x64
		{AF8077C3-A81D-2037-CDC7-ECA566DC3790}.Debug|x64.Build.0 = Debug|x64
		{AF8077C3-A81D-2037-CDC7-ECA566DC3790}.Debug|x86.ActiveCfg = Debug|Win32
		{AF8077C3-A81D-2037-CDC7-ECA566DC3790}.Debug|x86.Build.0 = Debug|Win32
		{AF8077C3-A81D-2037-CDC7-ECA566DC3790}.Release|x64.ActiveCfg = Release|x64
		{AF8077C3-A81D-2037-CDC7-ECA566DC3790}.Release|x64.Build.0 = Release|x64
		{AF8077C3-A81D-2037-CDC7-ECA566DC3790}.Release|x86.ActiveCfg = Release|Win32
		{AF8077C3-A81D-2037-CDC7-ECA566DC3790}.Release|x86.Build.0 = Release|Win32
	EndGlobalSection
	GlobalSection(SolutionProperties) = preSolution
		HideSolutionNode = FALSE
	EndGlobalSection
	GlobalSection(ExtensibilityGlobals) = postSolution
		SolutionGuid = {7E6D14A3-0B61-4EDF-9947-D564D32808B5}
	EndGlobalSection
EndGlobal
